{
  "nodes": {
    "brew-src": {
      "flake": false,
      "locked": {
        "lastModified": 1784068757,
        "narHash": "sha256-7KnV7rTlMpys+2J+TFVxUDDyKPLXFs4wIMtckMC72VM=",
        "owner": "Homebrew",
        "repo": "brew",
        "rev": "6bd951d96e7ebc54787799dba77bfb26ec956c4c",
        "type": "github"
      },
      "original": {
        "owner": "Homebrew",
        "ref": "6.0.11",
        "repo": "brew",
        "type": "github"
      }
    },
    "home-manager": {
      "inputs": {
        "nixpkgs": [
          "nixpkgs"
        ]
      },
      "locked": {
        "lastModified": 1783689750,
        "narHash": "sha256-iMO/Ypany7DPXD6D7sQgH7METtEUihnOvdb+A9ehn8k=",
        "owner": "nix-community",
        "repo": "home-manager",
        "rev": "79e6082586b3680ff32c8e75127545058f074fa4",
        "type": "github"
      },
      "original": {
        "owner": "nix-community",
        "repo": "home-manager",
        "type": "github"
      }
    },
    "homebrew-cask": {
      "flake": false,
      "locked": {
        "lastModified": 1783702333,
        "narHash": "sha256-E+MGO5Trmb2Cojf7aeLpiHh33fwViiPgSXUcMD5fiMM=",
        "owner": "homebrew",
        "repo": "homebrew-cask",
        "rev": "c49796b5121897cf84a0eacaee93e591a2e6d085",
        "type": "github"
      },
      "original": {
        "owner": "homebrew",
        "repo": "homebrew-cask",
        "type": "github"
      }
    },
    "homebrew-core": {
      "flake": false,
      "locked": {
        "lastModified": 1783702322,
        "narHash": "sha256-dmd1+ctTBV6uPzTcHhRnk1hpg2oXgqlP82SSP8tmNZU=",
        "owner": "homebrew",
        "repo": "homebrew-core",
        "rev": "f6ae5a53896d69e7d259252d111922ba96bf8217",
        "type": "github"
      },
      "original": {
        "owner": "homebrew",
        "repo": "homebrew-core",
        "type": "github"
      }
    },
    "nix-darwin": {
      "inputs": {
        "nixpkgs": [
          "nixpkgs"
        ]
      },
      "locked": {
        "lastModified": 1783395956,
        "narHash": "sha256-AAbexQvDoK+6GFJdhY6kqjA+6ECKRkidgWxkn4gMwAA=",
        "owner": "nix-darwin",
        "repo": "nix-darwin",
        "rev": "d5bd9cd77aea4c0a8f49e7fd85545671a208ed15",
        "type": "github"
      },
      "original": {
        "owner": "nix-darwin",
        "repo": "nix-darwin",
        "type": "github"
      }
    },
    "nix-homebrew": {
      "inputs": {
        "brew-src": "brew-src"
      },
      "locked": {
        "lastModified": 1784159664,
        "narHash": "sha256-I/B6YoRLImHEqNWh8bs+tPjEDeteACeFhcLyoSMo1GE=",
        "owner": "zhaofengli",
        "repo": "nix-homebrew",
        "rev": "842eeb863ecca0eeb463f7a814cdc51e1d925776",
        "type": "github"
      },
      "original": {
        "owner": "zhaofengli",
        "repo": "nix-homebrew",
        "type": "github"
      }
    },
    "nixpkgs": {
      "locked": {
        "lastModified": 1783475452,
        "narHash": "sha256-3S92fSuv32mjJz2Qb2F4405c21J55F4NIphz5K6hxco=",
        "owner": "nixos",
        "repo": "nixpkgs",
        "rev": "05988b07fb05cbcb50be6bce197b4b5f75b5e61b",
        "type": "github"
      },
      "original": {
        "owner": "nixos",
        "ref": "nixpkgs-unstable",
        "repo": "nixpkgs",
        "type": "github"
      }
    },
    "root": {
      "inputs": {
        "home-manager": "home-manager",
        "homebrew-cask": "homebrew-cask",
        "homebrew-core": "homebrew-core",
        "nix-darwin": "nix-darwin",
        "nix-homebrew": "nix-homebrew",
        "nixpkgs": "nixpkgs"
      }
    }
  },
  "root": "root",
  "version": 7
}
